
Microsoft Visual Studio Solution File, Format Version 12.00
# Visual Studio Version 17
VisualStudioVersion = 17.13.35931.197 d17.13
MinimumVisualStudioVersion = 10.0.40219.1
Project("{FAE04EC0-301F-11D3-BF4B-00C04F79EFBC}") = "ShapeCreator", "ShapeCreator\ShapeCreator.csproj", "{DAB4C50C-E21A-44B1-8F9F-A5C23F4616B7}"
EndProject
Global
	GlobalSection(SolutionConfigurationPlatforms) = preSolution
		Debug|Any CPU = Debug|Any CPU
		Release|Any CPU = Release|Any CPU
	EndGlobalSection
	GlobalSection(ProjectConfigurationPlatforms) = postSolution
		{DAB4C50C-E21A-44B1-8F9F-A5C23F4616B7}.Debug|Any CPU.ActiveCfg = Debug|Any CPU
		{DAB4C50C-E21A-44B1-8F9F-A5C23F4616B7}.Debug|Any CPU.Build.0 = Debug|Any CPU
		{DAB4C50C-E21A-44B1-8F9F-A5C23F4616B7}.Release|Any CPU.ActiveCfg = Release|Any CPU
		{DAB4C50C-E21A-44B1-8F9F-A5C23F4616B7}.Release|Any CPU.Build.0 = Release|Any CPU
	EndGlobalSection
	GlobalSection(SolutionProperties) = preSolution
		HideSolutionNode = FALSE
	EndGlobalSection
	GlobalSection(ExtensibilityGlobals) = postSolution
		SolutionGuid = {AC6D02EF-6B46-4C5A-B26C-2AA46EFA5320}
	EndGlobalSection
EndGlobal
